PODS:
  - KHealthTools (0.0.1):
    - KHealthTools/0_Base (= 0.0.1)
    - KHealthTools/1_Tools (= 0.0.1)
    - KHealthTools/2_Category (= 0.0.1)
    - KHealthTools/3_ThirdLib (= 0.0.1)
    - KHealthTools/4_Services (= 0.0.1)
    - KHealthTools/5_Model (= 0.0.1)
    - KHealthTools/6_View (= 0.0.1)
    - KHealthTools/7_BaseController (= 0.0.1)
    - KHealthTools/7_Controller (= 0.0.1)
    - KHealthTools/8_PhotoManager (= 0.0.1)
    - KHealthTools/9_Action (= 0.0.1)
  - KHealthTools/0_Base (0.0.1):
    - KHealthTools/9_Action
  - KHealthTools/1_Tools (0.0.1):
    - KHealthTools/1_Tools/Category (= 0.0.1)
    - KHealthTools/1_Tools/Tools (= 0.0.1)
  - KHealthTools/1_Tools/Category (0.0.1)
  - KHealthTools/1_Tools/Tools (0.0.1)
  - KHealthTools/2_Category (0.0.1):
    - KHealthTools/1_Tools
  - KHealthTools/3_ThirdLib (0.0.1):
    - KHealthTools/3_ThirdLib/KHRefresh (= 0.0.1)
    - KHealthTools/3_ThirdLib/UserDefault (= 0.0.1)
  - KHealthTools/3_ThirdLib/KHRefresh (0.0.1):
    - MJRefresh
  - KHealthTools/3_ThirdLib/UserDefault (0.0.1)
  - KHealthTools/4_Services (0.0.1):
    - KHealthTools/1_Tools
    - KHealthTools/2_Category
    - KHealthTools/3_ThirdLib
    - KHealthTools/4_Services/0_Config (= 0.0.1)
    - KHealthTools/4_Services/1_Services (= 0.0.1)
    - KHealthTools/4_Services/2_Task (= 0.0.1)
    - KHealthTools/4_Services/3_SDWebImageExtend (= 0.0.1)
    - SDWebImage (= 4.4.2)
  - KHealthTools/4_Services/0_Config (0.0.1):
    - KHealthTools/1_Tools
    - KHealthTools/2_Category
    - KHealthTools/3_ThirdLib
    - SDWebImage (= 4.4.2)
  - KHealthTools/4_Services/1_Services (0.0.1):
    - KHealthTools/1_Tools
    - KHealthTools/2_Category
    - KHealthTools/3_ThirdLib
    - SDWebImage (= 4.4.2)
  - KHealthTools/4_Services/2_Task (0.0.1):
    - KHealthTools/1_Tools
    - KHealthTools/2_Category
    - KHealthTools/3_ThirdLib
    - SDWebImage (= 4.4.2)
  - KHealthTools/4_Services/3_SDWebImageExtend (0.0.1):
    - KHealthTools/1_Tools
    - KHealthTools/2_Category
    - KHealthTools/3_ThirdLib
    - SDWebImage (= 4.4.2)
  - KHealthTools/5_Model (0.0.1)
  - KHealthTools/6_View (0.0.1):
    - KHealthTools/6_View/KHButton (= 0.0.1)
    - KHealthTools/6_View/KHEmptyView (= 0.0.1)
    - KHealthTools/6_View/KHHUD (= 0.0.1)
    - KHealthTools/6_View/KHTableView (= 0.0.1)
  - KHealthTools/6_View/KHButton (0.0.1)
  - KHealthTools/6_View/KHEmptyView (0.0.1)
  - KHealthTools/6_View/KHHUD (0.0.1)
  - KHealthTools/6_View/KHTableView (0.0.1)
  - KHealthTools/7_BaseController (0.0.1):
    - KHealthTools/4_Services
    - KHealthTools/5_Model
    - KHealthTools/6_View
  - KHealthTools/7_Controller (0.0.1):
    - KHealthTools/7_BaseController
    - KHealthTools/7_Controller/ListController (= 0.0.1)
  - KHealthTools/7_Controller/ListController (0.0.1):
    - KHealthTools/7_BaseController
  - KHealthTools/8_PhotoManager (0.0.1):
    - KHealthTools/7_Controller
  - KHealthTools/9_Action (0.0.1):
    - KHealthTools/7_Controller
    - KHealthTools/9_Action/Calendar (= 0.0.1)
    - KHealthTools/9_Action/SetupFontScale (= 0.0.1)
    - KHealthTools/9_Action/TimerManager (= 0.0.1)
  - KHealthTools/9_Action/Calendar (0.0.1):
    - KHealthTools/7_Controller
  - KHealthTools/9_Action/SetupFontScale (0.0.1):
    - KHealthTools/7_Controller
  - KHealthTools/9_Action/TimerManager (0.0.1):
    - KHealthTools/7_Controller
  - MJRefresh (3.2.0)
  - SDWebImage (4.4.2):
    - SDWebImage/Core (= 4.4.2)
  - SDWebImage/Core (4.4.2)

DEPENDENCIES:
  - KHealthTools (from `../`)

SPEC REPOS:
  https://github.com/cocoapods/specs.git:
    - MJRefresh
    - SDWebImage

EXTERNAL SOURCES:
  KHealthTools:
    :path: "../"

SPEC CHECKSUMS:
  KHealthTools: 09848c9358efd01071125eae1fc5e769460e974a
  MJRefresh: ed450d6eb9d3346a2cb033ab7eb6de090aeef437
  SDWebImage: 624d6e296c69b244bcede364c72ae0430ac14681

PODFILE CHECKSUM: e69ba7936cadebb31bc0a500fdd5256f75295a7e

COCOAPODS: 1.7.0.beta.3
